
Microsoft Visual Studio Solution File, Format Version 12.00
# Visual Studio Version 17
VisualStudioVersion = 17.7.34024.191
MinimumVisualStudioVersion = 10.0.40219.1
Project("{FAE04EC0-301F-11D3-BF4B-00C04F79EFBC}") = "API", "API\API.csproj", "{0422BAFD-DCAB-4DDD-8733-E3EA3ABDA3F1}"
EndProject
Project("{FAE04EC0-301F-11D3-BF4B-00C04F79EFBC}") = "Core", "Core\Core.csproj", "{BB02D255-84D7-4664-ADC7-A1A93EA8D4F5}"
EndProject
Project("{FAE04EC0-301F-11D3-BF4B-00C04F79EFBC}") = "Infrastructure", "Infrastructure\Infrastructure.csproj", "{377EC224-FFC5-48F5-AC4D-7AB0194E0564}"
EndProject
Global
	GlobalSection(SolutionConfigurationPlatforms) = preSolution
		Debug|Any CPU = Debug|Any CPU
		Release|Any CPU = Release|Any CPU
	EndGlobalSection
	GlobalSection(ProjectConfigurationPlatforms) = postSolution
		{0422BAFD-DCAB-4DDD-8733-E3EA3ABDA3F1}.Debug|Any CPU.ActiveCfg = Debug|Any CPU
		{0422BAFD-DCAB-4DDD-8733-E3EA3ABDA3F1}.Debug|Any CPU.Build.0 = Debug|Any CPU
		{0422BAFD-DCAB-4DDD-8733-E3EA3ABDA3F1}.Release|Any CPU.ActiveCfg = Release|Any CPU
		{0422BAFD-DCAB-4DDD-8733-E3EA3ABDA3F1}.Release|Any CPU.Build.0 = Release|Any CPU
		{BB02D255-84D7-4664-ADC7-A1A93EA8D4F5}.Debug|Any CPU.ActiveCfg = Debug|Any CPU
		{BB02D255-84D7-4664-ADC7-A1A93EA8D4F5}.Debug|Any CPU.Build.0 = Debug|Any CPU
		{BB02D255-84D7-4664-ADC7-A1A93EA8D4F5}.Release|Any CPU.ActiveCfg = Release|Any CPU
		{BB02D255-84D7-4664-ADC7-A1A93EA8D4F5}.Release|Any CPU.Build.0 = Release|Any CPU
		{377EC224-FFC5-48F5-AC4D-7AB0194E0564}.Debug|Any CPU.ActiveCfg = Debug|Any CPU
		{377EC224-FFC5-48F5-AC4D-7AB0194E0564}.Debug|Any CPU.Build.0 = Debug|Any CPU
		{377EC224-FFC5-48F5-AC4D-7AB0194E0564}.Release|Any CPU.ActiveCfg = Release|Any CPU
		{377EC224-FFC5-48F5-AC4D-7AB0194E0564}.Release|Any CPU.Build.0 = Release|Any CPU
	EndGlobalSection
	GlobalSection(SolutionProperties) = preSolution
		HideSolutionNode = FALSE
	EndGlobalSection
	GlobalSection(ExtensibilityGlobals) = postSolution
		SolutionGuid = {66EB1910-37E3-48D8-A157-8E2FB0FF1E48}
	EndGlobalSection
EndGlobal
